
Microsoft Visual Studio Solution File, Format Version 12.00
# Visual Studio Version 16
VisualStudioVersion = 16.0.30011.22
MinimumVisualStudioVersion = 10.0.40219.1
Project("{FAE04EC0-301F-11D3-BF4B-00C04F79EFBC}") = "WebApplication1", "WebApplication1\WebApplication1.csproj", "{EB24B3BE-5040-4BF1-AEEC-7775C2820358}"
EndProject
Global
	GlobalSection(SolutionConfigurationPlatforms) = preSolution
		Debug|Any CPU = Debug|Any CPU
		Release|Any CPU = Release|Any CPU
	EndGlobalSection
	GlobalSection(ProjectConfigurationPlatforms) = postSolution
		{EB24B3BE-5040-4BF1-AEEC-7775C2820358}.Debug|Any CPU.ActiveCfg = Debug|Any CPU
		{EB24B3BE-5040-4BF1-AEEC-7775C2820358}.Debug|Any CPU.Build.0 = Debug|Any CPU
		{EB24B3BE-5040-4BF1-AEEC-7775C2820358}.Release|Any CPU.ActiveCfg = Release|Any CPU
		{EB24B3BE-5040-4BF1-AEEC-7775C2820358}.Release|Any CPU.Build.0 = Release|Any CPU
	EndGlobalSection
	GlobalSection(SolutionProperties) = preSolution
		HideSolutionNode = FALSE
	EndGlobalSection
	GlobalSection(ExtensibilityGlobals) = postSolution
		SolutionGuid = {41AF1FCF-E75D-48FC-A5D4-45532D4A06F5}
	EndGlobalSection
EndGlobal
